
Microsoft Visual Studio Solution File, Format Version 12.00
# Visual Studio Version 17
VisualStudioVersion = 17.14.36414.22 d17.14
MinimumVisualStudioVersion = 10.0.40219.1
Project("{FAE04EC0-301F-11D3-BF4B-00C04F79EFBC}") = "StudentWebApplication", "StudentWebApplication\StudentWebApplication.csproj", "{ECD75C3F-D16B-4202-A214-4B0281EEB1C9}"
EndProject
Global
	GlobalSection(SolutionConfigurationPlatforms) = preSolution
		Debug|Any CPU = Debug|Any CPU
		Release|Any CPU = Release|Any CPU
	EndGlobalSection
	GlobalSection(ProjectConfigurationPlatforms) = postSolution
		{ECD75C3F-D16B-4202-A214-4B0281EEB1C9}.Debug|Any CPU.ActiveCfg = Debug|Any CPU
		{ECD75C3F-D16B-4202-A214-4B0281EEB1C9}.Debug|Any CPU.Build.0 = Debug|Any CPU
		{ECD75C3F-D16B-4202-A214-4B0281EEB1C9}.Release|Any CPU.ActiveCfg = Release|Any CPU
		{ECD75C3F-D16B-4202-A214-4B0281EEB1C9}.Release|Any CPU.Build.0 = Release|Any CPU
	EndGlobalSection
	GlobalSection(SolutionProperties) = preSolution
		HideSolutionNode = FALSE
	EndGlobalSection
	GlobalSection(ExtensibilityGlobals) = postSolution
		SolutionGuid = {5BA4AF7E-B1B3-4BB6-83CD-0FBCA9F31239}
	EndGlobalSection
EndGlobal
